
Microsoft Visual Studio Solution File, Format Version 12.00
# Visual Studio Version 16
VisualStudioVersion = 16.0.31205.134
MinimumVisualStudioVersion = 10.0.40219.1
Project("{FAE04EC0-301F-11D3-BF4B-00C04F79EFBC}") = "SortArray", "SortArray.csproj", "{62F4A2E0-73DE-4B65-8F55-EE8EBE1FEC5D}"
EndProject
Global
	GlobalSection(SolutionConfigurationPlatforms) = preSolution
		Debug|Any CPU = Debug|Any CPU
		Release|Any CPU = Release|Any CPU
	EndGlobalSection
	GlobalSection(ProjectConfigurationPlatforms) = postSolution
		{62F4A2E0-73DE-4B65-8F55-EE8EBE1FEC5D}.Debug|Any CPU.ActiveCfg = Debug|Any CPU
		{62F4A2E0-73DE-4B65-8F55-EE8EBE1FEC5D}.Debug|Any CPU.Build.0 = Debug|Any CPU
		{62F4A2E0-73DE-4B65-8F55-EE8EBE1FEC5D}.Release|Any CPU.ActiveCfg = Release|Any CPU
		{62F4A2E0-73DE-4B65-8F55-EE8EBE1FEC5D}.Release|Any CPU.Build.0 = Release|Any CPU
	EndGlobalSection
	GlobalSection(SolutionProperties) = preSolution
		HideSolutionNode = FALSE
	EndGlobalSection
	GlobalSection(ExtensibilityGlobals) = postSolution
		SolutionGuid = {A16C4944-926E-4413-A911-C39C63F996AF}
	EndGlobalSection
EndGlobal
